
Microsoft Visual Studio Solution File, Format Version 12.00
# Visual Studio Version 17
VisualStudioVersion = 17.13.35825.156 d17.13
MinimumVisualStudioVersion = 10.0.40219.1
Project("{FAE04EC0-301F-11D3-BF4B-00C04F79EFBC}") = "ABC_TechSolutions", "ABC_TechSolutions\ABC_TechSolutions.csproj", "{1CD9CFFA-1C62-4ECD-997E-84C4F7F6284D}"
EndProject
Global
	GlobalSection(SolutionConfigurationPlatforms) = preSolution
		Debug|Any CPU = Debug|Any CPU
		Release|Any CPU = Release|Any CPU
	EndGlobalSection
	GlobalSection(ProjectConfigurationPlatforms) = postSolution
		{1CD9CFFA-1C62-4ECD-997E-84C4F7F6284D}.Debug|Any CPU.ActiveCfg = Debug|Any CPU
		{1CD9CFFA-1C62-4ECD-997E-84C4F7F6284D}.Debug|Any CPU.Build.0 = Debug|Any CPU
		{1CD9CFFA-1C62-4ECD-997E-84C4F7F6284D}.Release|Any CPU.ActiveCfg = Release|Any CPU
		{1CD9CFFA-1C62-4ECD-997E-84C4F7F6284D}.Release|Any CPU.Build.0 = Release|Any CPU
	EndGlobalSection
	GlobalSection(SolutionProperties) = preSolution
		HideSolutionNode = FALSE
	EndGlobalSection
	GlobalSection(ExtensibilityGlobals) = postSolution
		SolutionGuid = {E08BF958-8BDA-4F5E-B045-0AD47A4B04CE}
	EndGlobalSection
EndGlobal
