
Microsoft Visual Studio Solution File, Format Version 12.00
# Visual Studio Version 17
VisualStudioVersion = 17.11.35327.3
MinimumVisualStudioVersion = 10.0.40219.1
Project("{9A19103F-16F7-4668-BE54-9A1E7A4F7556}") = "DAL", "DAL\DAL.csproj", "{296C61E4-6D85-42A2-A420-0E99E2E8ED82}"
EndProject
Project("{FAE04EC0-301F-11D3-BF4B-00C04F79EFBC}") = "UIApp", "UIApp\UIApp.csproj", "{D36F2689-400D-468E-8D64-143CB14B4DFD}"
	ProjectSection(ProjectDependencies) = postProject
		{296C61E4-6D85-42A2-A420-0E99E2E8ED82} = {296C61E4-6D85-42A2-A420-0E99E2E8ED82}
	EndProjectSection
EndProject
Global
	GlobalSection(SolutionConfigurationPlatforms) = preSolution
		Debug|Any CPU = Debug|Any CPU
		Release|Any CPU = Release|Any CPU
	EndGlobalSection
	GlobalSection(ProjectConfigurationPlatforms) = postSolution
		{296C61E4-6D85-42A2-A420-0E99E2E8ED82}.Debug|Any CPU.ActiveCfg = Debug|Any CPU
		{296C61E4-6D85-42A2-A420-0E99E2E8ED82}.Debug|Any CPU.Build.0 = Debug|Any CPU
		{296C61E4-6D85-42A2-A420-0E99E2E8ED82}.Release|Any CPU.ActiveCfg = Release|Any CPU
		{296C61E4-6D85-42A2-A420-0E99E2E8ED82}.Release|Any CPU.Build.0 = Release|Any CPU
		{D36F2689-400D-468E-8D64-143CB14B4DFD}.Debug|Any CPU.ActiveCfg = Debug|Any CPU
		{D36F2689-400D-468E-8D64-143CB14B4DFD}.Debug|Any CPU.Build.0 = Debug|Any CPU
		{D36F2689-400D-468E-8D64-143CB14B4DFD}.Release|Any CPU.ActiveCfg = Release|Any CPU
		{D36F2689-400D-468E-8D64-143CB14B4DFD}.Release|Any CPU.Build.0 = Release|Any CPU
	EndGlobalSection
	GlobalSection(SolutionProperties) = preSolution
		HideSolutionNode = FALSE
	EndGlobalSection
	GlobalSection(ExtensibilityGlobals) = postSolution
		SolutionGuid = {2036F782-F79D-401D-8C0E-82BC0C1FADD2}
	EndGlobalSection
EndGlobal
