
Microsoft Visual Studio Solution File, Format Version 12.00
# Visual Studio Version 17
VisualStudioVersion = 17.13.35825.156 d17.13
MinimumVisualStudioVersion = 10.0.40219.1
Project("{FAE04EC0-301F-11D3-BF4B-00C04F79EFBC}") = "LearningManagementSystem", "LearningManagementSystem\LearningManagementSystem.csproj", "{698126CE-4E84-47DF-8236-9A7CCA91B41F}"
EndProject
Global
	GlobalSection(SolutionConfigurationPlatforms) = preSolution
		Debug|Any CPU = Debug|Any CPU
		Release|Any CPU = Release|Any CPU
	EndGlobalSection
	GlobalSection(ProjectConfigurationPlatforms) = postSolution
		{698126CE-4E84-47DF-8236-9A7CCA91B41F}.Debug|Any CPU.ActiveCfg = Debug|Any CPU
		{698126CE-4E84-47DF-8236-9A7CCA91B41F}.Debug|Any CPU.Build.0 = Debug|Any CPU
		{698126CE-4E84-47DF-8236-9A7CCA91B41F}.Release|Any CPU.ActiveCfg = Release|Any CPU
		{698126CE-4E84-47DF-8236-9A7CCA91B41F}.Release|Any CPU.Build.0 = Release|Any CPU
	EndGlobalSection
	GlobalSection(SolutionProperties) = preSolution
		HideSolutionNode = FALSE
	EndGlobalSection
	GlobalSection(ExtensibilityGlobals) = postSolution
		SolutionGuid = {816C4F77-83CE-4B69-9A22-969C82950B7A}
	EndGlobalSection
EndGlobal
